
Microsoft Visual Studio Solution File, Format Version 12.00
# Visual Studio Version 17
VisualStudioVersion = 17.4.33122.133
MinimumVisualStudioVersion = 10.0.40219.1
Project("{9A19103F-16F7-4668-BE54-9A1E7A4F7556}") = "POREG", "POREG.csproj", "{492EEC34-849F-4B9B-A006-AA43052EC365}"
EndProject
Global
	GlobalSection(SolutionConfigurationPlatforms) = preSolution
		Debug|Any CPU = Debug|Any CPU
		Release|Any CPU = Release|Any CPU
	EndGlobalSection
	GlobalSection(ProjectConfigurationPlatforms) = postSolution
		{492EEC34-849F-4B9B-A006-AA43052EC365}.Debug|Any CPU.ActiveCfg = Debug|Any CPU
		{492EEC34-849F-4B9B-A006-AA43052EC365}.Debug|Any CPU.Build.0 = Debug|Any CPU
		{492EEC34-849F-4B9B-A006-AA43052EC365}.Release|Any CPU.ActiveCfg = Release|Any CPU
		{492EEC34-849F-4B9B-A006-AA43052EC365}.Release|Any CPU.Build.0 = Release|Any CPU
	EndGlobalSection
	GlobalSection(SolutionProperties) = preSolution
		HideSolutionNode = FALSE
	EndGlobalSection
	GlobalSection(ExtensibilityGlobals) = postSolution
		SolutionGuid = {5796B66B-70BE-492F-8065-4EEF7F69D1EA}
	EndGlobalSection
EndGlobal
